<?xml version="1.0" encoding="utf-8"?>
<Project ToolsVersion="4.0" xmlns="http://schemas.microsoft.com/developer/msbuild/2003">
  <ItemGroup>
    <ClInclude Include="yaMath.h">
      <Filter>Common\Math</Filter>
    </ClInclude>
    <ClInclude Include="CommonInclude.h">
      <Filter>Common</Filter>
    </ClInclude>
    <ClInclude Include="jhApplication.h">
      <Filter>High Level Interface</Filter>
    </ClInclude>
    <ClInclude Include="jhResource.h">
      <Filter>Resource</Filter>
    </ClInclude>
    <ClInclude Include="jhTime.h">
      <Filter>Time</Filter>
    </ClInclude>
    <ClInclude Include="jhEntity.h">
      <Filter>Common</Filter>
    </ClInclude>
    <ClInclude Include="jhInput.h">
      <Filter>Input</Filter>
    </ClInclude>
    <ClInclude Include="jhGraphics.h">
      <Filter>Graphics</Filter>
    </ClInclude>
    <ClInclude Include="jhEngine.h">
      <Filter>Common</Filter>
    </ClInclude>
    <ClInclude Include="jhEnums.h">
      <Filter>Common</Filter>
    </ClInclude>
    <ClInclude Include="jhRenderer.h">
      <Filter>Renderer</Filter>
    </ClInclude>
    <ClInclude Include="jhComponent.h">
      <Filter>Component</Filter>
    </ClInclude>
    <ClInclude Include="jhGameObject.h">
      <Filter>GameObject</Filter>
    </ClInclude>
    <ClInclude Include="jhResources.h">
      <Filter>Resource\Manager</Filter>
    </ClInclude>
    <ClInclude Include="jhMesh.h">
      <Filter>Resource\Mesh</Filter>
    </ClInclude>
    <ClInclude Include="jhMaterial.h">
      <Filter>Resource\Meterial</Filter>
    </ClInclude>
    <ClInclude Include="jhShader.h">
      <Filter>Resource\Shader</Filter>
    </ClInclude>
    <ClInclude Include="jhTexture.h">
      <Filter>Resource\Texture</Filter>
    </ClInclude>
    <ClInclude Include="jhTransform.h">
      <Filter>Component\Transform</Filter>
    </ClInclude>
    <ClInclude Include="jhScript.h">
      <Filter>Component\Script</Filter>
    </ClInclude>
    <ClInclude Include="jhPlayerScript.h">
      <Filter>Component\Script\PlayerScript</Filter>
    </ClInclude>
    <ClInclude Include="jhCamera.h">
      <Filter>Component\Camera</Filter>
    </ClInclude>
    <ClInclude Include="jhMeshRenderer.h">
      <Filter>Component\Renderer</Filter>
    </ClInclude>
    <ClInclude Include="jhSpriteRenderer.h">
      <Filter>Component\Renderer</Filter>
    </ClInclude>
    <ClInclude Include="jhObject.h">
      <Filter>GameObject</Filter>
    </ClInclude>
    <ClInclude Include="jhSceneManager.h">
      <Filter>Scene\Manager</Filter>
    </ClInclude>
    <ClInclude Include="jhScene.h">
      <Filter>Scene\Base</Filter>
    </ClInclude>
    <ClInclude Include="jhLayer.h">
      <Filter>Scene\Layer</Filter>
    </ClInclude>
    <ClInclude Include="jhPlayScene.h">
      <Filter>Scene</Filter>
    </ClInclude>
    <ClInclude Include="jhTitleScene.h">
      <Filter>Scene</Filter>
    </ClInclude>
    <ClInclude Include="jhCollider2D.h">
      <Filter>Component\Collider\2D</Filter>
    </ClInclude>
    <ClInclude Include="jhCollider3D.h">
      <Filter>Component\Collider\3D</Filter>
    </ClInclude>
    <ClInclude Include="jhCollisionManager.h">
      <Filter>Component\Collider\Manager</Filter>
    </ClInclude>
    <ClInclude Include="jhBaseRenderer.h">
      <Filter>Component\Renderer</Filter>
    </ClInclude>
    <ClInclude Include="jhPrefab.h">
      <Filter>Resource\Prefab</Filter>
    </ClInclude>
    <ClInclude Include="jhPlayer.h">
      <Filter>GameObject\Player</Filter>
    </ClInclude>
    <ClInclude Include="jhAnimation.h">
      <Filter>Component\Animator</Filter>
    </ClInclude>
    <ClInclude Include="jhAnimator.h">
      <Filter>Component\Animator</Filter>
    </ClInclude>
    <ClInclude Include="jhPlayerManager.h">
      <Filter>GameObject\Player</Filter>
    </ClInclude>
    <ClInclude Include="jhParticleSystem.h" />
    <ClInclude Include="jhParticleShader.h" />
    <ClInclude Include="jhComputeShader.h">
      <Filter>Resource\Shader\CS\Base</Filter>
    </ClInclude>
    <ClInclude Include="jhPaintShader.h">
      <Filter>Resource\Shader\CS</Filter>
    </ClInclude>
    <ClInclude Include="jhConstantBuffer.h">
      <Filter>Graphics\Buffer</Filter>
    </ClInclude>
    <ClInclude Include="jhStructedBuffer.h">
      <Filter>Graphics\Buffer</Filter>
    </ClInclude>
    <ClInclude Include="jhGraphicDevice_DX11.h">
      <Filter>Graphics\API</Filter>
    </ClInclude>
    <ClInclude Include="jhLight.h">
      <Filter>Component\Light</Filter>
    </ClInclude>
    <ClInclude Include="jhGround.h">
      <Filter>GameObject\Ground</Filter>
    </ClInclude>
    <ClInclude Include="jhRigidbody.h">
      <Filter>Component\Rigidbody</Filter>
    </ClInclude>
    <ClInclude Include="jhGeddy.h">
      <Filter>GameObject\Geddy</Filter>
    </ClInclude>
    <ClInclude Include="jhGeddyScript.h">
      <Filter>Component\Script\FriendsScript</Filter>
    </ClInclude>
    <ClInclude Include="jhGeddyhands.h">
      <Filter>GameObject\Geddy</Filter>
    </ClInclude>
    <ClInclude Include="jhGeddyBullet.h">
      <Filter>GameObject\Geddy</Filter>
    </ClInclude>
    <ClInclude Include="jhBackSkyScript.h">
      <Filter>Component\Script\BackGround</Filter>
    </ClInclude>
    <ClInclude Include="jhSlope.h">
      <Filter>GameObject\Ground</Filter>
    </ClInclude>
    <ClInclude Include="jhDoor.h">
      <Filter>GameObject\Trigger</Filter>
    </ClInclude>
    <ClInclude Include="jhDoorScript.h">
      <Filter>Component\Script\Trigger</Filter>
    </ClInclude>
    <ClInclude Include="jhCaveScene.h">
      <Filter>Scene</Filter>
    </ClInclude>
    <ClInclude Include="jhCeilingScript.h">
      <Filter>Component\Script\BackGround</Filter>
    </ClInclude>
    <ClInclude Include="jhGrassScript.h">
      <Filter>Component\Script\BackGround</Filter>
    </ClInclude>
    <ClInclude Include="jhChangeMonsterState.h">
      <Filter>GameObject\Trigger</Filter>
    </ClInclude>
    <ClInclude Include="jhChangeGawk.h">
      <Filter>Component\Script\Trigger</Filter>
    </ClInclude>
    <ClInclude Include="jhMouseCursor.h">
      <Filter>GameObject\etc</Filter>
    </ClInclude>
    <ClInclude Include="resource.h" />
    <ClInclude Include="jhRing.h">
      <Filter>GameObject\BackGround\Ring</Filter>
    </ClInclude>
    <ClInclude Include="jhCameraScript.h">
      <Filter>Component\Script\etc</Filter>
    </ClInclude>
    <ClInclude Include="jhFadeInScript.h">
      <Filter>Component\Script\etc</Filter>
    </ClInclude>
    <ClInclude Include="jhFadeOutScript.h">
      <Filter>Component\Script\etc</Filter>
    </ClInclude>
    <ClInclude Include="jhGridScript.h">
      <Filter>Component\Script\etc</Filter>
    </ClInclude>
    <ClInclude Include="jhChest.h">
      <Filter>GameObject\BackGround\Chest,Coin</Filter>
    </ClInclude>
    <ClInclude Include="jhCoin.h">
      <Filter>GameObject\BackGround\Chest,Coin</Filter>
    </ClInclude>
    <ClInclude Include="jhChestScript.h">
      <Filter>Component\Script\BackGround\BackGroundObj\Chest,Coin</Filter>
    </ClInclude>
    <ClInclude Include="jhGroundScript.h">
      <Filter>Component\Script\BackGround\BackGroundObj\Ground</Filter>
    </ClInclude>
    <ClInclude Include="jhSlopeScript.h">
      <Filter>Component\Script\BackGround\BackGroundObj\Ground</Filter>
    </ClInclude>
    <ClInclude Include="jhCoinScript.h">
      <Filter>Component\Script\BackGround\BackGroundObj\Chest,Coin</Filter>
    </ClInclude>
    <ClInclude Include="jhCloudScript.h">
      <Filter>Component\Script\BackGround</Filter>
    </ClInclude>
    <ClInclude Include="jhRingScript.h">
      <Filter>Component\Script\BackGround\BackGroundObj\Ring</Filter>
    </ClInclude>
    <ClInclude Include="jhGawkScript.h">
      <Filter>Component\Script\MonsterScript</Filter>
    </ClInclude>
    <ClInclude Include="jhUIBase.h">
      <Filter>GameObject\UI\Base</Filter>
    </ClInclude>
    <ClInclude Include="jhHpBar.h">
      <Filter>GameObject\UI</Filter>
    </ClInclude>
    <ClInclude Include="jhNumber.h">
      <Filter>GameObject\UI</Filter>
    </ClInclude>
    <ClInclude Include="jhWall.h">
      <Filter>GameObject\Ground</Filter>
    </ClInclude>
    <ClInclude Include="jhWallScript.h">
      <Filter>Component\Script\BackGround\BackGroundObj\Ground</Filter>
    </ClInclude>
    <ClInclude Include="jhTortoise.h">
      <Filter>GameObject\Monster\Tortoise</Filter>
    </ClInclude>
    <ClInclude Include="jhTortoiseBullet.h">
      <Filter>GameObject\Monster\Tortoise</Filter>
    </ClInclude>
    <ClInclude Include="jhTortoiseMask.h">
      <Filter>GameObject\Monster\Tortoise</Filter>
    </ClInclude>
    <ClInclude Include="jhTortoiseScript.h">
      <Filter>Component\Script\MonsterScript\TortoiseScript</Filter>
    </ClInclude>
    <ClInclude Include="jhNumberTens.h">
      <Filter>GameObject\UI</Filter>
    </ClInclude>
    <ClInclude Include="jhPlayerAttackCol.h">
      <Filter>GameObject\Player</Filter>
    </ClInclude>
    <ClInclude Include="jhEventTrigger.h">
      <Filter>GameObject\Trigger\Event</Filter>
    </ClInclude>
    <ClInclude Include="jhEventTriggerScript.h">
      <Filter>GameObject\Trigger\Event</Filter>
    </ClInclude>
    <ClInclude Include="jhCaveScene2.h">
      <Filter>Scene</Filter>
    </ClInclude>
    <ClInclude Include="jhJungleScene.h">
      <Filter>Scene</Filter>
    </ClInclude>
    <ClInclude Include="jhGawk.h">
      <Filter>GameObject\Monster\Gawk</Filter>
    </ClInclude>
    <ClInclude Include="jhBee.h">
      <Filter>GameObject\Monster\Bee</Filter>
    </ClInclude>
    <ClInclude Include="jhBeeHive.h">
      <Filter>GameObject\Monster\Bee</Filter>
    </ClInclude>
    <ClInclude Include="jhThrower.h">
      <Filter>GameObject\Monster\Thrower</Filter>
    </ClInclude>
    <ClInclude Include="jhThrowerStone.h">
      <Filter>GameObject\Monster\Thrower</Filter>
    </ClInclude>
    <ClInclude Include="jhAegis.h">
      <Filter>GameObject\Monster\Aegis</Filter>
    </ClInclude>
    <ClInclude Include="jhAegisBullet.h">
      <Filter>GameObject\Monster\Aegis</Filter>
    </ClInclude>
    <ClInclude Include="jhJungleDoor.h">
      <Filter>GameObject\BackGround\Door</Filter>
    </ClInclude>
    <ClInclude Include="jhTorch.h">
      <Filter>GameObject\BackGround\Torch</Filter>
    </ClInclude>
    <ClInclude Include="jhScrewPiece.h">
      <Filter>GameObject\BackGround\ScrewPuzzle</Filter>
    </ClInclude>
    <ClInclude Include="jhButton.h">
      <Filter>GameObject\BackGround\Button</Filter>
    </ClInclude>
    <ClInclude Include="jhScrewPuzzle.h">
      <Filter>GameObject\BackGround\ScrewPuzzle</Filter>
    </ClInclude>
    <ClInclude Include="jhSoil.h">
      <Filter>GameObject\BackGround\Food</Filter>
    </ClInclude>
    <ClInclude Include="jhTree.h">
      <Filter>GameObject\BackGround\Food</Filter>
    </ClInclude>
    <ClInclude Include="jhStoneDoor.h">
      <Filter>GameObject\BackGround\Door</Filter>
    </ClInclude>
    <ClInclude Include="jhStoneDoorScript.h">
      <Filter>Component\Script\BackGround\BackGroundObj\Door</Filter>
    </ClInclude>
    <ClInclude Include="jhtortoiseBulletScript.h">
      <Filter>Component\Script\MonsterScript\TortoiseScript</Filter>
    </ClInclude>
  </ItemGroup>
  <ItemGroup>
    <ClCompile Include="yaMath.cpp">
      <Filter>Common\Math</Filter>
    </ClCompile>
    <ClCompile Include="jhApplication.cpp">
      <Filter>High Level Interface</Filter>
    </ClCompile>
    <ClCompile Include="jhResource.cpp">
      <Filter>Resource</Filter>
    </ClCompile>
    <ClCompile Include="jhTime.cpp">
      <Filter>Time</Filter>
    </ClCompile>
    <ClCompile Include="jhEntity.cpp">
      <Filter>Common</Filter>
    </ClCompile>
    <ClCompile Include="jhInput.cpp">
      <Filter>Input</Filter>
    </ClCompile>
    <ClCompile Include="jhRenderer.cpp">
      <Filter>Renderer</Filter>
    </ClCompile>
    <ClCompile Include="jhComponent.cpp">
      <Filter>Component</Filter>
    </ClCompile>
    <ClCompile Include="jhGameObject.cpp">
      <Filter>GameObject</Filter>
    </ClCompile>
    <ClCompile Include="jhResources.cpp">
      <Filter>Resource\Manager</Filter>
    </ClCompile>
    <ClCompile Include="jhMesh.cpp">
      <Filter>Resource\Mesh</Filter>
    </ClCompile>
    <ClCompile Include="jhMaterial.cpp">
      <Filter>Resource\Meterial</Filter>
    </ClCompile>
    <ClCompile Include="jhShader.cpp">
      <Filter>Resource\Shader</Filter>
    </ClCompile>
    <ClCompile Include="jhTexture.cpp">
      <Filter>Resource\Texture</Filter>
    </ClCompile>
    <ClCompile Include="jhMeshRenderer.cpp">
      <Filter>Component\Renderer</Filter>
    </ClCompile>
    <ClCompile Include="jhTransform.cpp">
      <Filter>Component\Transform</Filter>
    </ClCompile>
    <ClCompile Include="jhPlayerScript.cpp">
      <Filter>Component\Script\PlayerScript</Filter>
    </ClCompile>
    <ClCompile Include="jhCamera.cpp">
      <Filter>Component\Camera</Filter>
    </ClCompile>
    <ClCompile Include="jhSpriteRenderer.cpp">
      <Filter>Component\Renderer</Filter>
    </ClCompile>
    <ClCompile Include="jhSceneManager.cpp">
      <Filter>Scene\Manager</Filter>
    </ClCompile>
    <ClCompile Include="jhScene.cpp">
      <Filter>Scene\Base</Filter>
    </ClCompile>
    <ClCompile Include="jhLayer.cpp">
      <Filter>Scene\Layer</Filter>
    </ClCompile>
    <ClCompile Include="jhPlayScene.cpp">
      <Filter>Scene</Filter>
    </ClCompile>
    <ClCompile Include="jhTitleScene.cpp">
      <Filter>Scene</Filter>
    </ClCompile>
    <ClCompile Include="jhCollider2D.cpp">
      <Filter>Component\Collider\2D</Filter>
    </ClCompile>
    <ClCompile Include="jhCollider3D.cpp">
      <Filter>Component\Collider\3D</Filter>
    </ClCompile>
    <ClCompile Include="jhCollisionManager.cpp">
      <Filter>Component\Collider\Manager</Filter>
    </ClCompile>
    <ClCompile Include="jhBaseRenderer.cpp">
      <Filter>Component\Renderer</Filter>
    </ClCompile>
    <ClCompile Include="jhPrefab.cpp">
      <Filter>Resource\Prefab</Filter>
    </ClCompile>
    <ClCompile Include="jhPlayer.cpp">
      <Filter>GameObject\Player</Filter>
    </ClCompile>
    <ClCompile Include="jhAnimation.cpp">
      <Filter>Component\Animator</Filter>
    </ClCompile>
    <ClCompile Include="jhAnimator.cpp">
      <Filter>Component\Animator</Filter>
    </ClCompile>
    <ClCompile Include="jhPlayerManager.cpp">
      <Filter>GameObject\Player</Filter>
    </ClCompile>
    <ClCompile Include="jhParticleSystem.cpp" />
    <ClCompile Include="jhParticleShader.cpp" />
    <ClCompile Include="jhComputeShader.cpp">
      <Filter>Resource\Shader\CS\Base</Filter>
    </ClCompile>
    <ClCompile Include="jhPaintShader.cpp">
      <Filter>Resource\Shader\CS</Filter>
    </ClCompile>
    <ClCompile Include="jhConstantBuffer.cpp">
      <Filter>Graphics\Buffer</Filter>
    </ClCompile>
    <ClCompile Include="jhStructedBuffer.cpp">
      <Filter>Graphics\Buffer</Filter>
    </ClCompile>
    <ClCompile Include="jhGraphicDevice_DX11.cpp">
      <Filter>Graphics\API</Filter>
    </ClCompile>
    <ClCompile Include="jhLight.cpp">
      <Filter>Component\Light</Filter>
    </ClCompile>
    <ClCompile Include="jhGround.cpp">
      <Filter>GameObject\Ground</Filter>
    </ClCompile>
    <ClCompile Include="jhRigidbody.cpp">
      <Filter>Component\Rigidbody</Filter>
    </ClCompile>
    <ClCompile Include="jhGeddy.cpp">
      <Filter>GameObject\Geddy</Filter>
    </ClCompile>
    <ClCompile Include="jhGeddyScript.cpp">
      <Filter>Component\Script\FriendsScript</Filter>
    </ClCompile>
    <ClCompile Include="jhGeddyhands.cpp">
      <Filter>GameObject\Geddy</Filter>
    </ClCompile>
    <ClCompile Include="jhGeddyBullet.cpp">
      <Filter>GameObject\Geddy</Filter>
    </ClCompile>
    <ClCompile Include="jhBackSkyScript.cpp">
      <Filter>Component\Script\BackGround</Filter>
    </ClCompile>
    <ClCompile Include="jhSlope.cpp">
      <Filter>GameObject\Ground</Filter>
    </ClCompile>
    <ClCompile Include="jhDoor.cpp">
      <Filter>GameObject\Trigger</Filter>
    </ClCompile>
    <ClCompile Include="jhDoorScript.cpp">
      <Filter>Component\Script\Trigger</Filter>
    </ClCompile>
    <ClCompile Include="jhCaveScene.cpp">
      <Filter>Scene</Filter>
    </ClCompile>
    <ClCompile Include="jhCeilingScript.cpp">
      <Filter>Component\Script\BackGround</Filter>
    </ClCompile>
    <ClCompile Include="jhGrassScript.cpp">
      <Filter>Component\Script\BackGround</Filter>
    </ClCompile>
    <ClCompile Include="jhChangeMonsterState.cpp">
      <Filter>GameObject\Trigger</Filter>
    </ClCompile>
    <ClCompile Include="jhChangeGawk.cpp">
      <Filter>Component\Script\Trigger</Filter>
    </ClCompile>
    <ClCompile Include="jhMouseCursor.cpp">
      <Filter>GameObject\etc</Filter>
    </ClCompile>
    <ClCompile Include="jhRing.cpp">
      <Filter>GameObject\BackGround\Ring</Filter>
    </ClCompile>
    <ClCompile Include="jhCameraScript.cpp">
      <Filter>Component\Script\etc</Filter>
    </ClCompile>
    <ClCompile Include="jhFadeInScript.cpp">
      <Filter>Component\Script\etc</Filter>
    </ClCompile>
    <ClCompile Include="jhFadeOutScript.cpp">
      <Filter>Component\Script\etc</Filter>
    </ClCompile>
    <ClCompile Include="jhGridScript.cpp">
      <Filter>Component\Script\etc</Filter>
    </ClCompile>
    <ClCompile Include="jhScript.cpp">
      <Filter>Component\Script\etc</Filter>
    </ClCompile>
    <ClCompile Include="jhChest.cpp">
      <Filter>GameObject\BackGround\Chest,Coin</Filter>
    </ClCompile>
    <ClCompile Include="jhCoin.cpp">
      <Filter>GameObject\BackGround\Chest,Coin</Filter>
    </ClCompile>
    <ClCompile Include="jhChestScript.cpp">
      <Filter>Component\Script\BackGround\BackGroundObj\Chest,Coin</Filter>
    </ClCompile>
    <ClCompile Include="jhCoinScript.cpp">
      <Filter>Component\Script\BackGround\BackGroundObj\Chest,Coin</Filter>
    </ClCompile>
    <ClCompile Include="jhRingScript.cpp">
      <Filter>Component\Script\BackGround\BackGroundObj\Ring</Filter>
    </ClCompile>
    <ClCompile Include="jhGroundScript.cpp">
      <Filter>Component\Script\BackGround\BackGroundObj\Ground</Filter>
    </ClCompile>
    <ClCompile Include="jhSlopeScript.cpp">
      <Filter>Component\Script\BackGround\BackGroundObj\Ground</Filter>
    </ClCompile>
    <ClCompile Include="jhCloudScript.cpp">
      <Filter>Component\Script\BackGround</Filter>
    </ClCompile>
    <ClCompile Include="jhGawkScript.cpp">
      <Filter>Component\Script\MonsterScript</Filter>
    </ClCompile>
    <ClCompile Include="jhUIBase.cpp">
      <Filter>GameObject\UI\Base</Filter>
    </ClCompile>
    <ClCompile Include="jhHpBar.cpp">
      <Filter>GameObject\UI</Filter>
    </ClCompile>
    <ClCompile Include="jhNumber.cpp">
      <Filter>GameObject\UI</Filter>
    </ClCompile>
    <ClCompile Include="jhWall.cpp">
      <Filter>GameObject\Ground</Filter>
    </ClCompile>
    <ClCompile Include="jhWallScript.cpp">
      <Filter>Component\Script\BackGround\BackGroundObj\Ground</Filter>
    </ClCompile>
    <ClCompile Include="jhTortoise.cpp">
      <Filter>GameObject\Monster\Tortoise</Filter>
    </ClCompile>
    <ClCompile Include="jhTortoiseBullet.cpp">
      <Filter>GameObject\Monster\Tortoise</Filter>
    </ClCompile>
    <ClCompile Include="jhTortoiseMask.cpp">
      <Filter>GameObject\Monster\Tortoise</Filter>
    </ClCompile>
    <ClCompile Include="jhTortoiseScript.cpp">
      <Filter>Component\Script\MonsterScript\TortoiseScript</Filter>
    </ClCompile>
    <ClCompile Include="jhNumberTens.cpp">
      <Filter>GameObject\UI</Filter>
    </ClCompile>
    <ClCompile Include="jhPlayerAttackCol.cpp">
      <Filter>GameObject\Player</Filter>
    </ClCompile>
    <ClCompile Include="jhEventTrigger.cpp">
      <Filter>GameObject\Trigger\Event</Filter>
    </ClCompile>
    <ClCompile Include="jhEventTriggerScript.cpp">
      <Filter>GameObject\Trigger\Event</Filter>
    </ClCompile>
    <ClCompile Include="jhCaveScene2.cpp">
      <Filter>Scene</Filter>
    </ClCompile>
    <ClCompile Include="jhJungleScene.cpp">
      <Filter>Scene</Filter>
    </ClCompile>
    <ClCompile Include="jhGawk.cpp">
      <Filter>GameObject\Monster\Gawk</Filter>
    </ClCompile>
    <ClCompile Include="jhBee.cpp">
      <Filter>GameObject\Monster\Bee</Filter>
    </ClCompile>
    <ClCompile Include="jhBeeHive.cpp">
      <Filter>GameObject\Monster\Bee</Filter>
    </ClCompile>
    <ClCompile Include="jhThrower.cpp">
      <Filter>GameObject\Monster\Thrower</Filter>
    </ClCompile>
    <ClCompile Include="jhThrowerStone.cpp">
      <Filter>GameObject\Monster\Thrower</Filter>
    </ClCompile>
    <ClCompile Include="jhAegis.cpp">
      <Filter>GameObject\Monster\Aegis</Filter>
    </ClCompile>
    <ClCompile Include="jhAegisBullet.cpp">
      <Filter>GameObject\Monster\Aegis</Filter>
    </ClCompile>
    <ClCompile Include="jhJungleDoor.cpp">
      <Filter>GameObject\BackGround\Door</Filter>
    </ClCompile>
    <ClCompile Include="jhTorch.cpp">
      <Filter>GameObject\BackGround\Torch</Filter>
    </ClCompile>
    <ClCompile Include="jhScrewPiece.cpp">
      <Filter>GameObject\BackGround\ScrewPuzzle</Filter>
    </ClCompile>
    <ClCompile Include="jhButton.cpp">
      <Filter>GameObject\BackGround\Button</Filter>
    </ClCompile>
    <ClCompile Include="jhScrewPuzzle.cpp">
      <Filter>GameObject\BackGround\ScrewPuzzle</Filter>
    </ClCompile>
    <ClCompile Include="jhSoil.cpp">
      <Filter>GameObject\BackGround\Food</Filter>
    </ClCompile>
    <ClCompile Include="jhTree.cpp">
      <Filter>GameObject\BackGround\Food</Filter>
    </ClCompile>
    <ClCompile Include="jhStoneDoor.cpp">
      <Filter>GameObject\BackGround\Door</Filter>
    </ClCompile>
    <ClCompile Include="jhStoneDoorScript.cpp">
      <Filter>Component\Script\BackGround\BackGroundObj\Door</Filter>
    </ClCompile>
    <ClCompile Include="jhtortoiseBulletScript.cpp">
      <Filter>Component\Script\MonsterScript\TortoiseScript</Filter>
    </ClCompile>
  </ItemGroup>
  <ItemGroup>
    <Filter Include="Common">
      <UniqueIdentifier>{f09edd22-0f1c-4961-b2b4-e3149c283b5b}</UniqueIdentifier>
    </Filter>
    <Filter Include="Graphics">
      <UniqueIdentifier>{96cb44e9-486f-4aa1-9175-be7fbea249af}</UniqueIdentifier>
    </Filter>
    <Filter Include="High Level Interface">
      <UniqueIdentifier>{80eab7b4-fbbd-43a6-af3b-dbd4b8df79d0}</UniqueIdentifier>
    </Filter>
    <Filter Include="Input">
      <UniqueIdentifier>{d3b5a266-7af3-4945-8f8c-9466a476d826}</UniqueIdentifier>
    </Filter>
    <Filter Include="Time">
      <UniqueIdentifier>{be02ba1e-9989-420c-9936-d960c34d1a59}</UniqueIdentifier>
    </Filter>
    <Filter Include="Resource">
      <UniqueIdentifier>{46e50c79-d035-427d-9f84-44885716dedc}</UniqueIdentifier>
    </Filter>
    <Filter Include="Common\Math">
      <UniqueIdentifier>{c65139b6-99c5-4759-8326-54f3f17fa3e8}</UniqueIdentifier>
    </Filter>
    <Filter Include="Renderer">
      <UniqueIdentifier>{19c2f5d8-10be-4357-a507-d943a188f1ae}</UniqueIdentifier>
    </Filter>
    <Filter Include="Component">
      <UniqueIdentifier>{cce14473-2b11-4417-bc73-b3be6a6a3e79}</UniqueIdentifier>
    </Filter>
    <Filter Include="GameObject">
      <UniqueIdentifier>{e43891ec-e0ba-41f2-a34b-3bf73c7962c4}</UniqueIdentifier>
    </Filter>
    <Filter Include="Scene">
      <UniqueIdentifier>{f2ab7974-3260-4bfd-bf3c-8aa5d1123ca5}</UniqueIdentifier>
    </Filter>
    <Filter Include="Resource\Manager">
      <UniqueIdentifier>{a7f461c0-623c-4f99-8f18-9cc690b094fe}</UniqueIdentifier>
    </Filter>
    <Filter Include="Resource\Meterial">
      <UniqueIdentifier>{1602495b-aaad-454f-a005-a79b0633023e}</UniqueIdentifier>
    </Filter>
    <Filter Include="Resource\Mesh">
      <UniqueIdentifier>{a5ff45b2-6636-4a68-a8cf-9fd1ea5db81e}</UniqueIdentifier>
    </Filter>
    <Filter Include="Resource\Shader">
      <UniqueIdentifier>{25b2295b-9d22-434a-afea-964b3d1aef9a}</UniqueIdentifier>
    </Filter>
    <Filter Include="Resource\Texture">
      <UniqueIdentifier>{57d7542d-b620-48c3-8efa-067633338790}</UniqueIdentifier>
    </Filter>
    <Filter Include="Component\Renderer">
      <UniqueIdentifier>{20bdb534-7fb0-491b-a180-4dbb0db3bbbd}</UniqueIdentifier>
    </Filter>
    <Filter Include="Component\Script">
      <UniqueIdentifier>{46e19c6a-4633-4e06-863e-2611068d1ef6}</UniqueIdentifier>
    </Filter>
    <Filter Include="Component\Transform">
      <UniqueIdentifier>{4813e334-2af2-481e-bdbe-f47999487211}</UniqueIdentifier>
    </Filter>
    <Filter Include="Component\Camera">
      <UniqueIdentifier>{8eb3298a-0a11-46bc-830d-43983264e4da}</UniqueIdentifier>
    </Filter>
    <Filter Include="Scene\Base">
      <UniqueIdentifier>{4abdb877-7695-4496-9a5d-e076fe28e070}</UniqueIdentifier>
    </Filter>
    <Filter Include="Scene\Manager">
      <UniqueIdentifier>{3828cf79-8e74-4f11-ab9d-ffa16aa0266a}</UniqueIdentifier>
    </Filter>
    <Filter Include="Scene\Layer">
      <UniqueIdentifier>{4dafd444-165f-42c6-8c90-50553c4b88d4}</UniqueIdentifier>
    </Filter>
    <Filter Include="Resource\Prefab">
      <UniqueIdentifier>{26b33c21-7313-4480-9c5e-e3be54938ea9}</UniqueIdentifier>
    </Filter>
    <Filter Include="Component\Collider">
      <UniqueIdentifier>{b8f0d84b-7b4b-4403-8a06-1add0b8aae86}</UniqueIdentifier>
    </Filter>
    <Filter Include="Component\Collider\2D">
      <UniqueIdentifier>{aa703ddf-f0c9-4afd-b56d-af3f685fb431}</UniqueIdentifier>
    </Filter>
    <Filter Include="Component\Collider\3D">
      <UniqueIdentifier>{bf65136e-1633-43b6-90ff-23a830778ff3}</UniqueIdentifier>
    </Filter>
    <Filter Include="Component\Collider\Manager">
      <UniqueIdentifier>{2cc4825f-64e5-4463-ac69-c1c8b364323b}</UniqueIdentifier>
    </Filter>
    <Filter Include="GameObject\Player">
      <UniqueIdentifier>{5a692f1b-e083-4645-ac5d-829979e1d2a2}</UniqueIdentifier>
    </Filter>
    <Filter Include="GameObject\Monster">
      <UniqueIdentifier>{f0cb512c-32e9-453e-8e44-c15c5f4a0202}</UniqueIdentifier>
    </Filter>
    <Filter Include="Component\Animator">
      <UniqueIdentifier>{208e2c34-124f-4919-81de-10cbaa7f4fcf}</UniqueIdentifier>
    </Filter>
    <Filter Include="Component\Script\BackGround">
      <UniqueIdentifier>{759e5a98-f7df-4892-94cb-c1f876fa9281}</UniqueIdentifier>
    </Filter>
    <Filter Include="Resource\Shader\CS">
      <UniqueIdentifier>{246078ac-b699-449d-b1ad-ec8217126b5c}</UniqueIdentifier>
    </Filter>
    <Filter Include="Resource\Shader\CS\Base">
      <UniqueIdentifier>{50ea2b0a-e8aa-43bd-aa6c-126e11f4b7ef}</UniqueIdentifier>
    </Filter>
    <Filter Include="Graphics\API">
      <UniqueIdentifier>{2989ed4d-5416-46d5-ad8a-042e667cf219}</UniqueIdentifier>
    </Filter>
    <Filter Include="Graphics\Buffer">
      <UniqueIdentifier>{7fea0469-236a-46e4-af8a-a0bb125bc67c}</UniqueIdentifier>
    </Filter>
    <Filter Include="Component\Light">
      <UniqueIdentifier>{0bd02516-fc99-4fc2-89bd-1ab6002e0149}</UniqueIdentifier>
    </Filter>
    <Filter Include="GameObject\Ground">
      <UniqueIdentifier>{f683cac4-956e-45de-b3c8-14a20b0a6544}</UniqueIdentifier>
    </Filter>
    <Filter Include="Component\Script\PlayerScript">
      <UniqueIdentifier>{3fcd1949-8d6e-468c-bc2a-fe1bb37d22ba}</UniqueIdentifier>
    </Filter>
    <Filter Include="Component\Rigidbody">
      <UniqueIdentifier>{9d4d6908-3206-4419-bf67-1cd7a38e151c}</UniqueIdentifier>
    </Filter>
    <Filter Include="Component\Script\FriendsScript">
      <UniqueIdentifier>{2b21f828-8c33-4a5d-bed6-d681b63dae8a}</UniqueIdentifier>
    </Filter>
    <Filter Include="GameObject\Geddy">
      <UniqueIdentifier>{59fd6f28-0c2e-4a75-b5cc-7bb29f4e5204}</UniqueIdentifier>
    </Filter>
    <Filter Include="GameObject\BackGround">
      <UniqueIdentifier>{7c6d12d9-a65c-4196-984b-d93c61ad51be}</UniqueIdentifier>
    </Filter>
    <Filter Include="GameObject\BackGround\Ring">
      <UniqueIdentifier>{63fe17d5-bba3-461a-aad9-ac23bdfad6d8}</UniqueIdentifier>
    </Filter>
    <Filter Include="Component\Script\Trigger">
      <UniqueIdentifier>{6dce8740-e375-4424-ae42-245e1dd39df9}</UniqueIdentifier>
    </Filter>
    <Filter Include="GameObject\Trigger">
      <UniqueIdentifier>{2a1bc67e-09d9-4b1a-83e2-c8308427eca3}</UniqueIdentifier>
    </Filter>
    <Filter Include="Component\Script\BackGround\BackGroundObj">
      <UniqueIdentifier>{7277fe53-7995-46ba-b873-4d9b1e0a5061}</UniqueIdentifier>
    </Filter>
    <Filter Include="GameObject\etc">
      <UniqueIdentifier>{95084780-d9d3-4662-b5ee-7a55b37f9c93}</UniqueIdentifier>
    </Filter>
    <Filter Include="Component\Script\etc">
      <UniqueIdentifier>{795de690-9a64-454a-a050-3a17b5619aa5}</UniqueIdentifier>
    </Filter>
    <Filter Include="GameObject\BackGround\Chest,Coin">
      <UniqueIdentifier>{ae9913b1-4288-4016-bfde-a345b7f1764d}</UniqueIdentifier>
    </Filter>
    <Filter Include="Component\Script\BackGround\BackGroundObj\Chest,Coin">
      <UniqueIdentifier>{a8db187b-c8f3-4846-8ef8-5d88e356c3ab}</UniqueIdentifier>
    </Filter>
    <Filter Include="Component\Script\BackGround\BackGroundObj\Ring">
      <UniqueIdentifier>{46faf782-9550-4d5b-a8ae-498ba626c0dc}</UniqueIdentifier>
    </Filter>
    <Filter Include="Component\Script\BackGround\BackGroundObj\Ground">
      <UniqueIdentifier>{27b7e249-4060-415a-904c-ef3adf7295b6}</UniqueIdentifier>
    </Filter>
    <Filter Include="Component\Script\MonsterScript">
      <UniqueIdentifier>{0b1397f3-ee89-4116-bbfc-529e61aeed7a}</UniqueIdentifier>
    </Filter>
    <Filter Include="GameObject\UI">
      <UniqueIdentifier>{926bcece-cf18-4860-b48a-d4b8cd8bffd9}</UniqueIdentifier>
    </Filter>
    <Filter Include="GameObject\UI\Base">
      <UniqueIdentifier>{8500b92b-cc75-42c1-9e1d-b4b9a96543fd}</UniqueIdentifier>
    </Filter>
    <Filter Include="GameObject\Monster\Tortoise">
      <UniqueIdentifier>{39788c15-1226-44f6-a56c-094f27b8c7ad}</UniqueIdentifier>
    </Filter>
    <Filter Include="Component\Script\MonsterScript\TortoiseScript">
      <UniqueIdentifier>{a98c69fe-a79f-4dde-8f80-09c81f2994a0}</UniqueIdentifier>
    </Filter>
    <Filter Include="GameObject\Trigger\Event">
      <UniqueIdentifier>{dcce0336-e390-469a-9cea-dcf23a9e07e1}</UniqueIdentifier>
    </Filter>
    <Filter Include="GameObject\Monster\Gawk">
      <UniqueIdentifier>{90e3060d-7896-449b-8987-0dc744dc0995}</UniqueIdentifier>
    </Filter>
    <Filter Include="GameObject\Monster\Thrower">
      <UniqueIdentifier>{71e7dd38-9a35-4d94-ae47-1734bf1767e7}</UniqueIdentifier>
    </Filter>
    <Filter Include="GameObject\Monster\Bee">
      <UniqueIdentifier>{a92c8602-4f0d-433b-b7dd-f714a69ea95c}</UniqueIdentifier>
    </Filter>
    <Filter Include="GameObject\Monster\Aegis">
      <UniqueIdentifier>{6e2896df-d1b5-4c8a-a856-e6d820770d57}</UniqueIdentifier>
    </Filter>
    <Filter Include="GameObject\BackGround\Door">
      <UniqueIdentifier>{6095e0fc-88ee-4bff-985f-520d71daeac5}</UniqueIdentifier>
    </Filter>
    <Filter Include="GameObject\BackGround\Food">
      <UniqueIdentifier>{1a8950e8-ebaf-42f4-9755-96fb2de7585f}</UniqueIdentifier>
    </Filter>
    <Filter Include="GameObject\BackGround\Torch">
      <UniqueIdentifier>{9d904c5e-17d8-41d3-9ce0-c15663759a79}</UniqueIdentifier>
    </Filter>
    <Filter Include="GameObject\BackGround\ScrewPuzzle">
      <UniqueIdentifier>{6302ee50-a760-4341-a63b-50750c8e919c}</UniqueIdentifier>
    </Filter>
    <Filter Include="GameObject\BackGround\Button">
      <UniqueIdentifier>{0f77ef01-4acd-48f2-ae74-debe9656191d}</UniqueIdentifier>
    </Filter>
    <Filter Include="Component\Script\BackGround\BackGroundObj\Door">
      <UniqueIdentifier>{99c9b343-1a62-47c9-b829-9ad5b0b35208}</UniqueIdentifier>
    </Filter>
  </ItemGroup>
  <ItemGroup>
    <None Include="yaMath.inl">
      <Filter>Common\Math</Filter>
    </None>
  </ItemGroup>
  <ItemGroup>
    <ResourceCompile Include="Engine_SOURCE.rc" />
  </ItemGroup>
</Project>