<?xml version="1.0" encoding="utf-8"?>
<Project ToolsVersion="4.0" xmlns="http://schemas.microsoft.com/developer/msbuild/2003">
  <ItemGroup>
    <ClInclude Include="yaMath.h">
      <Filter>Common\Math</Filter>
    </ClInclude>
    <ClInclude Include="CommonInclude.h">
      <Filter>Common</Filter>
    </ClInclude>
    <ClInclude Include="jhGraphicDevice_DX11.h">
      <Filter>Graphics</Filter>
    </ClInclude>
    <ClInclude Include="jhApplication.h">
      <Filter>High Level Interface</Filter>
    </ClInclude>
    <ClInclude Include="jhResource.h">
      <Filter>Resource</Filter>
    </ClInclude>
    <ClInclude Include="jhTime.h">
      <Filter>Time</Filter>
    </ClInclude>
    <ClInclude Include="jhEntity.h">
      <Filter>Common</Filter>
    </ClInclude>
    <ClInclude Include="jhInput.h">
      <Filter>Input</Filter>
    </ClInclude>
    <ClInclude Include="jhGraphics.h">
      <Filter>Graphics</Filter>
    </ClInclude>
    <ClInclude Include="jhEngine.h">
      <Filter>Common</Filter>
    </ClInclude>
    <ClInclude Include="jhEnums.h">
      <Filter>Common</Filter>
    </ClInclude>
    <ClInclude Include="jhRenderer.h">
      <Filter>Renderer</Filter>
    </ClInclude>
    <ClInclude Include="jhComponent.h">
      <Filter>Component</Filter>
    </ClInclude>
    <ClInclude Include="jhGameObject.h">
      <Filter>GameObject</Filter>
    </ClInclude>
    <ClInclude Include="jhLayer.h">
      <Filter>Scene</Filter>
    </ClInclude>
    <ClInclude Include="jhScene.h">
      <Filter>Scene</Filter>
    </ClInclude>
    <ClInclude Include="jhSceneManager.h">
      <Filter>Scene</Filter>
    </ClInclude>
    <ClInclude Include="jhResources.h">
      <Filter>Resource\Manager</Filter>
    </ClInclude>
    <ClInclude Include="jhMesh.h">
      <Filter>Resource\Mesh</Filter>
    </ClInclude>
    <ClInclude Include="jhMaterial.h">
      <Filter>Resource\Meterial</Filter>
    </ClInclude>
    <ClInclude Include="jhShader.h">
      <Filter>Resource\Shader</Filter>
    </ClInclude>
    <ClInclude Include="jhConstantBuffer.h" />
    <ClInclude Include="jhTexture.h">
      <Filter>Resource\Texture</Filter>
    </ClInclude>
    <ClInclude Include="jhTransform.h">
      <Filter>Component\Transform</Filter>
    </ClInclude>
    <ClInclude Include="jhScript.h">
      <Filter>Component\Script</Filter>
    </ClInclude>
    <ClInclude Include="jhPlayerScript.h">
      <Filter>Component\Script\Contents</Filter>
    </ClInclude>
    <ClInclude Include="jhCamera.h">
      <Filter>Component\Camera</Filter>
    </ClInclude>
    <ClInclude Include="jhMeshRenderer.h">
      <Filter>Component\Renderer</Filter>
    </ClInclude>
    <ClInclude Include="jhSpriteRenderer.h">
      <Filter>Component\Renderer</Filter>
    </ClInclude>
    <ClInclude Include="jhCameraScript.h">
      <Filter>Component\Script</Filter>
    </ClInclude>
    <ClInclude Include="jhBaseRenderer.h" />
  </ItemGroup>
  <ItemGroup>
    <ClCompile Include="yaMath.cpp">
      <Filter>Common\Math</Filter>
    </ClCompile>
    <ClCompile Include="jhGraphicDevice_DX11.cpp">
      <Filter>Graphics</Filter>
    </ClCompile>
    <ClCompile Include="jhApplication.cpp">
      <Filter>High Level Interface</Filter>
    </ClCompile>
    <ClCompile Include="jhResource.cpp">
      <Filter>Resource</Filter>
    </ClCompile>
    <ClCompile Include="jhTime.cpp">
      <Filter>Time</Filter>
    </ClCompile>
    <ClCompile Include="jhEntity.cpp">
      <Filter>Common</Filter>
    </ClCompile>
    <ClCompile Include="jhInput.cpp">
      <Filter>Input</Filter>
    </ClCompile>
    <ClCompile Include="jhRenderer.cpp">
      <Filter>Renderer</Filter>
    </ClCompile>
    <ClCompile Include="jhComponent.cpp">
      <Filter>Component</Filter>
    </ClCompile>
    <ClCompile Include="jhGameObject.cpp">
      <Filter>GameObject</Filter>
    </ClCompile>
    <ClCompile Include="jhLayer.cpp">
      <Filter>Scene</Filter>
    </ClCompile>
    <ClCompile Include="jhScene.cpp">
      <Filter>Scene</Filter>
    </ClCompile>
    <ClCompile Include="jhSceneManager.cpp">
      <Filter>Scene</Filter>
    </ClCompile>
    <ClCompile Include="jhResources.cpp">
      <Filter>Resource\Manager</Filter>
    </ClCompile>
    <ClCompile Include="jhMesh.cpp">
      <Filter>Resource\Mesh</Filter>
    </ClCompile>
    <ClCompile Include="jhMaterial.cpp">
      <Filter>Resource\Meterial</Filter>
    </ClCompile>
    <ClCompile Include="jhShader.cpp">
      <Filter>Resource\Shader</Filter>
    </ClCompile>
    <ClCompile Include="jhConstantBuffer.cpp" />
    <ClCompile Include="jhTexture.cpp">
      <Filter>Resource\Texture</Filter>
    </ClCompile>
    <ClCompile Include="jhMeshRenderer.cpp">
      <Filter>Component\Renderer</Filter>
    </ClCompile>
    <ClCompile Include="jhTransform.cpp">
      <Filter>Component\Transform</Filter>
    </ClCompile>
    <ClCompile Include="jhScript.cpp">
      <Filter>Component\Script</Filter>
    </ClCompile>
    <ClCompile Include="jhPlayerScript.cpp">
      <Filter>Component\Script\Contents</Filter>
    </ClCompile>
    <ClCompile Include="jhCamera.cpp">
      <Filter>Component\Camera</Filter>
    </ClCompile>
    <ClCompile Include="jhSpriteRenderer.cpp">
      <Filter>Component\Renderer</Filter>
    </ClCompile>
    <ClCompile Include="jhCameraScript.cpp">
      <Filter>Component\Script</Filter>
    </ClCompile>
    <ClCompile Include="jhBaseRenderer.cpp" />
  </ItemGroup>
  <ItemGroup>
    <Filter Include="Common">
      <UniqueIdentifier>{f09edd22-0f1c-4961-b2b4-e3149c283b5b}</UniqueIdentifier>
    </Filter>
    <Filter Include="Graphics">
      <UniqueIdentifier>{96cb44e9-486f-4aa1-9175-be7fbea249af}</UniqueIdentifier>
    </Filter>
    <Filter Include="High Level Interface">
      <UniqueIdentifier>{80eab7b4-fbbd-43a6-af3b-dbd4b8df79d0}</UniqueIdentifier>
    </Filter>
    <Filter Include="Input">
      <UniqueIdentifier>{d3b5a266-7af3-4945-8f8c-9466a476d826}</UniqueIdentifier>
    </Filter>
    <Filter Include="Time">
      <UniqueIdentifier>{be02ba1e-9989-420c-9936-d960c34d1a59}</UniqueIdentifier>
    </Filter>
    <Filter Include="Resource">
      <UniqueIdentifier>{46e50c79-d035-427d-9f84-44885716dedc}</UniqueIdentifier>
    </Filter>
    <Filter Include="Common\Math">
      <UniqueIdentifier>{c65139b6-99c5-4759-8326-54f3f17fa3e8}</UniqueIdentifier>
    </Filter>
    <Filter Include="Renderer">
      <UniqueIdentifier>{19c2f5d8-10be-4357-a507-d943a188f1ae}</UniqueIdentifier>
    </Filter>
    <Filter Include="Component">
      <UniqueIdentifier>{cce14473-2b11-4417-bc73-b3be6a6a3e79}</UniqueIdentifier>
    </Filter>
    <Filter Include="GameObject">
      <UniqueIdentifier>{e43891ec-e0ba-41f2-a34b-3bf73c7962c4}</UniqueIdentifier>
    </Filter>
    <Filter Include="Scene">
      <UniqueIdentifier>{f2ab7974-3260-4bfd-bf3c-8aa5d1123ca5}</UniqueIdentifier>
    </Filter>
    <Filter Include="Resource\Manager">
      <UniqueIdentifier>{a7f461c0-623c-4f99-8f18-9cc690b094fe}</UniqueIdentifier>
    </Filter>
    <Filter Include="Resource\Meterial">
      <UniqueIdentifier>{1602495b-aaad-454f-a005-a79b0633023e}</UniqueIdentifier>
    </Filter>
    <Filter Include="Resource\Mesh">
      <UniqueIdentifier>{a5ff45b2-6636-4a68-a8cf-9fd1ea5db81e}</UniqueIdentifier>
    </Filter>
    <Filter Include="Resource\Shader">
      <UniqueIdentifier>{25b2295b-9d22-434a-afea-964b3d1aef9a}</UniqueIdentifier>
    </Filter>
    <Filter Include="Resource\Texture">
      <UniqueIdentifier>{57d7542d-b620-48c3-8efa-067633338790}</UniqueIdentifier>
    </Filter>
    <Filter Include="Component\Renderer">
      <UniqueIdentifier>{20bdb534-7fb0-491b-a180-4dbb0db3bbbd}</UniqueIdentifier>
    </Filter>
    <Filter Include="Component\Script">
      <UniqueIdentifier>{46e19c6a-4633-4e06-863e-2611068d1ef6}</UniqueIdentifier>
    </Filter>
    <Filter Include="Component\Transform">
      <UniqueIdentifier>{4813e334-2af2-481e-bdbe-f47999487211}</UniqueIdentifier>
    </Filter>
    <Filter Include="Component\Script\Contents">
      <UniqueIdentifier>{3fcd1949-8d6e-468c-bc2a-fe1bb37d22ba}</UniqueIdentifier>
    </Filter>
    <Filter Include="Component\Camera">
      <UniqueIdentifier>{8eb3298a-0a11-46bc-830d-43983264e4da}</UniqueIdentifier>
    </Filter>
  </ItemGroup>
  <ItemGroup>
    <None Include="yaMath.inl">
      <Filter>Common\Math</Filter>
    </None>
  </ItemGroup>
</Project>